
Microsoft Visual Studio Solution File, Format Version 12.00
# Visual Studio Version 17
VisualStudioVersion = 17.5.33530.505
MinimumVisualStudioVersion = 10.0.40219.1
Project("{9A19103F-16F7-4668-BE54-9A1E7A4F7556}") = "Singleton", "Singleton\Singleton.csproj", "{C85AFA15-2BF0-4A2A-AB81-2E42C1CB1A8B}"
EndProject
Project("{9A19103F-16F7-4668-BE54-9A1E7A4F7556}") = "Singleton.RealWorld", "Singleton.RealWorld\Singleton.RealWorld.csproj", "{661C1D50-C20F-426C-A632-8A5B2FAA88D4}"
EndProject
Project("{9A19103F-16F7-4668-BE54-9A1E7A4F7556}") = "Factory", "Factory\Factory.csproj", "{2725A7DC-A238-4F76-A58E-A71059BB5A3F}"
EndProject
Project("{9A19103F-16F7-4668-BE54-9A1E7A4F7556}") = "Factory.RealWorld", "Factory.RealWorld\Factory.RealWorld.csproj", "{3A4B2397-99C5-452A-A180-30D129CE4048}"
EndProject
Project("{2150E333-8FDC-42A3-9474-1A3956D46DE8}") = "01-Singelton-02-FactoryMethod-03-Observer", "01-Singelton-02-FactoryMethod-03-Observer", "{62F8A86A-49E3-43DB-A93E-48C575C4CCEC}"
EndProject
Project("{9A19103F-16F7-4668-BE54-9A1E7A4F7556}") = "Observer", "Observer\Observer.csproj", "{CE162731-373C-40C7-B60B-9A075C2F6E95}"
EndProject
Project("{9A19103F-16F7-4668-BE54-9A1E7A4F7556}") = "Observer.RealWorld", "Observer.RealWorld\Observer.RealWorld.csproj", "{59BA490D-30B6-4027-8A28-AF0B08588A96}"
EndProject
Project("{9A19103F-16F7-4668-BE54-9A1E7A4F7556}") = "Strategy", "Strategy\Strategy.csproj", "{222CF8B6-2C40-496A-9C78-D68CDB2A0159}"
EndProject
Project("{9A19103F-16F7-4668-BE54-9A1E7A4F7556}") = "Strategy.RealWorld", "Strategy.RealWorld\Strategy.RealWorld.csproj", "{ADFB6402-5EAA-4167-B48E-B1823760AB77}"
EndProject
Project("{9A19103F-16F7-4668-BE54-9A1E7A4F7556}") = "Template", "Template\Template.csproj", "{024ED61D-2877-4662-ACCE-2130E19BFB98}"
EndProject
Project("{9A19103F-16F7-4668-BE54-9A1E7A4F7556}") = "Template.RealWorld", "Template.RealWorld\Template.RealWorld.csproj", "{A56D6562-5421-406F-AE25-C27456180676}"
EndProject
Project("{9A19103F-16F7-4668-BE54-9A1E7A4F7556}") = "Template.NET", "Template.RealWorld.II\Template.NET.csproj", "{16273459-1F9B-4A49-906F-C8E8052026FC}"
EndProject
Project("{2150E333-8FDC-42A3-9474-1A3956D46DE8}") = "04-Strategy-05-TemplateMethod-06-Adapter", "04-Strategy-05-TemplateMethod-06-Adapter", "{D5E67AFC-F4CB-4E20-A2B2-914DD0AA20DF}"
EndProject
Project("{9A19103F-16F7-4668-BE54-9A1E7A4F7556}") = "Adapter", "Adapter\Adapter.csproj", "{A52889F0-389D-4931-A490-F751A387491C}"
EndProject
Project("{9A19103F-16F7-4668-BE54-9A1E7A4F7556}") = "Adapter.RealWorld", "Adapter.RealWorld\Adapter.RealWorld.csproj", "{24769647-316D-409F-AA7A-BD653F87B608}"
EndProject
Project("{9A19103F-16F7-4668-BE54-9A1E7A4F7556}") = "Adapter.NET", "Adapter.NET\Adapter.NET.csproj", "{69A4E5C5-52C1-4A9B-AA0B-5CD9C82AF609}"
EndProject
Project("{9A19103F-16F7-4668-BE54-9A1E7A4F7556}") = "Decorator", "Decorator\Decorator.csproj", "{8D461447-A4FB-4431-B1F2-C1B97DD60518}"
EndProject
Project("{9A19103F-16F7-4668-BE54-9A1E7A4F7556}") = "Decorator.RealWorld", "Decorator.RealWorld\Decorator.RealWorld.csproj", "{D1D51604-256C-45B7-AC55-83572FFE2438}"
EndProject
Project("{9A19103F-16F7-4668-BE54-9A1E7A4F7556}") = "Decorator.NET", "Decorator.NET\Decorator.NET.csproj", "{C8B3526E-C4EB-4923-8DE6-A2907FFD4126}"
EndProject
Project("{9A19103F-16F7-4668-BE54-9A1E7A4F7556}") = "Command", "Command\Command.csproj", "{F06EE424-D2FE-4117-94AE-3722D68F42E1}"
EndProject
Project("{9A19103F-16F7-4668-BE54-9A1E7A4F7556}") = "Command.RealWorld", "Command.RealWorld\Command.RealWorld.csproj", "{28CB104E-572F-4F6F-98B1-328B6BAAE32B}"
EndProject
Project("{9A19103F-16F7-4668-BE54-9A1E7A4F7556}") = "Command.NET", "Command.NET\Command.NET.csproj", "{F485104C-59A9-4E29-9B8B-5E68AA5D645F}"
EndProject
Project("{2150E333-8FDC-42A3-9474-1A3956D46DE8}") = "07-Decorator-08-Command-09-Proxy", "07-Decorator-08-Command-09-Proxy", "{663579FB-1BFD-4962-BCEF-195B7B923D1B}"
EndProject
Project("{9A19103F-16F7-4668-BE54-9A1E7A4F7556}") = "Proxy", "Proxy\Proxy.csproj", "{40B0A45A-3131-4FE3-AB61-DA44E6F70CC0}"
EndProject
Project("{9A19103F-16F7-4668-BE54-9A1E7A4F7556}") = "Proxy.RealWorld", "Proxy.RealWorld\Proxy.RealWorld.csproj", "{697F187A-22BD-4AC6-8E36-6CC449AB6902}"
EndProject
Project("{9A19103F-16F7-4668-BE54-9A1E7A4F7556}") = "Proxy.NET", "Proxy.NET\Proxy.NET.csproj", "{EEC94FD7-C5C5-4A39-97E3-E6FBC228F6E0}"
EndProject
Project("{9A19103F-16F7-4668-BE54-9A1E7A4F7556}") = "Iterator", "Iterator\Iterator.csproj", "{6FF1B5DD-D6B1-4B19-BDD4-4499D3CD3234}"
EndProject
Project("{9A19103F-16F7-4668-BE54-9A1E7A4F7556}") = "Iterator.RealWorld", "Iterator.RealWorld\Iterator.RealWorld.csproj", "{02B873BA-113A-4FB3-91F0-BA39C5C0556C}"
EndProject
Project("{9A19103F-16F7-4668-BE54-9A1E7A4F7556}") = "Iterator.NET", "Iterator.NET\Iterator.NET.csproj", "{6E7792AB-983F-43F8-970C-6CA50075DF2B}"
EndProject
Project("{9A19103F-16F7-4668-BE54-9A1E7A4F7556}") = "Composite", "Composite\Composite.csproj", "{6E214E31-69BE-48F9-A35B-251E2B406E67}"
EndProject
Project("{9A19103F-16F7-4668-BE54-9A1E7A4F7556}") = "Composite.RealWorld", "Composite.RealWorld\Composite.RealWorld.csproj", "{3CF924C4-D934-468F-8D03-BC6C4E87DC83}"
EndProject
Project("{9A19103F-16F7-4668-BE54-9A1E7A4F7556}") = "Composite.NET", "Composite.NET\Composite.NET.csproj", "{79E96F17-64D1-46E9-9DD9-06B83C66CCC2}"
EndProject
Project("{2150E333-8FDC-42A3-9474-1A3956D46DE8}") = "10-Iterator-11-Composite-12-Facade", "10-Iterator-11-Composite-12-Facade", "{6148DA02-5491-4CB4-82D1-D20F18909040}"
EndProject
Project("{9A19103F-16F7-4668-BE54-9A1E7A4F7556}") = "Facade", "Facade\Facade.csproj", "{D225F8CF-4650-4F7C-8A70-6F82DB0B619B}"
EndProject
Project("{9A19103F-16F7-4668-BE54-9A1E7A4F7556}") = "Facade.RealWorld", "Facade.RealWorld\Facade.RealWorld.csproj", "{2FE82451-75CC-4236-BD6D-BE83DB594722}"
EndProject
Project("{9A19103F-16F7-4668-BE54-9A1E7A4F7556}") = "Facade.NET", "Facade.NET\Facade.NET.csproj", "{B37742E5-C55A-48D2-8BBD-D6FB788D15FB}"
EndProject
Project("{9A19103F-16F7-4668-BE54-9A1E7A4F7556}") = "State", "State\State.csproj", "{3F279AD3-CDC3-41B3-9F8B-503A2DDC1035}"
EndProject
Project("{9A19103F-16F7-4668-BE54-9A1E7A4F7556}") = "State.RealWorld", "State.RealWorld\State.RealWorld.csproj", "{F7A53278-C732-4614-9425-4793A70D0AF3}"
EndProject
Project("{9A19103F-16F7-4668-BE54-9A1E7A4F7556}") = "State.NET", "State.NET\State.NET.csproj", "{33B6C4CC-A7AA-4896-85C2-96DDA571F86F}"
EndProject
Project("{9A19103F-16F7-4668-BE54-9A1E7A4F7556}") = "Bridge", "Bridge\Bridge.csproj", "{F7DDD7DE-AC69-433C-A4F6-9B300DB495F4}"
EndProject
Project("{9A19103F-16F7-4668-BE54-9A1E7A4F7556}") = "Bridge.RealWorld", "Bridge.RealWorld\Bridge.RealWorld.csproj", "{5E52117B-8D54-42E9-8B13-97D846472B4B}"
EndProject
Project("{9A19103F-16F7-4668-BE54-9A1E7A4F7556}") = "Bridge.NET", "Bridge.NET\Bridge.NET.csproj", "{04585F5C-6DAD-439D-B797-0834AB222E1D}"
EndProject
Project("{2150E333-8FDC-42A3-9474-1A3956D46DE8}") = "13-State-14-Bridge-15-AbstractFactory", "13-State-14-Bridge-15-AbstractFactory", "{961F15B4-D49A-4CF9-8531-53F3DE083F34}"
EndProject
Project("{9A19103F-16F7-4668-BE54-9A1E7A4F7556}") = "AbstractFactory", "AbstractFactory\AbstractFactory.csproj", "{6CA9261E-45FE-4A75-8432-9F8FE4A27B12}"
EndProject
Project("{9A19103F-16F7-4668-BE54-9A1E7A4F7556}") = "AbstractFactory.RealWorld", "AbstractFactory.RealWorld\AbstractFactory.RealWorld.csproj", "{453924CA-758C-4598-9755-D428A1D76298}"
EndProject
Project("{9A19103F-16F7-4668-BE54-9A1E7A4F7556}") = "AbstractFactory.NET", "AbstractFactory.NET\AbstractFactory.NET.csproj", "{7DC73685-ABA3-4CE0-95C2-930825241ED9}"
EndProject
Project("{9A19103F-16F7-4668-BE54-9A1E7A4F7556}") = "Builder", "Builder\Builder.csproj", "{AA94F3CE-2D66-4F7E-966B-2944231C63C1}"
EndProject
Project("{9A19103F-16F7-4668-BE54-9A1E7A4F7556}") = "Builder.RealWorld", "Builder.RealWorld\Builder.RealWorld.csproj", "{47D204F9-BE20-4259-AE0C-56C01CDC9458}"
EndProject
Project("{9A19103F-16F7-4668-BE54-9A1E7A4F7556}") = "Builder.NET", "Builder.NET\Builder.NET.csproj", "{B8C03F80-3684-4128-81DF-75E28ADE7259}"
EndProject
Project("{9A19103F-16F7-4668-BE54-9A1E7A4F7556}") = "Prototype", "Prototype\Prototype.csproj", "{F65D2534-EFDF-4A19-AFBE-94B2B2FF4486}"
EndProject
Project("{9A19103F-16F7-4668-BE54-9A1E7A4F7556}") = "Prototype.RealWorld", "Prototype.RealWorld\Prototype.RealWorld.csproj", "{9B4AF0FD-C9BA-4377-9999-4A0FF23E2886}"
EndProject
Project("{9A19103F-16F7-4668-BE54-9A1E7A4F7556}") = "Prototype.NET", "Prototype.NET\Prototype.NET.csproj", "{B05136C9-6062-42FB-B1CE-17B60F6FC7F8}"
EndProject
Project("{9A19103F-16F7-4668-BE54-9A1E7A4F7556}") = "Mediator", "Mediator\Mediator.csproj", "{48BA5FC9-9AA9-462D-A8BB-D51AF40E690E}"
EndProject
Project("{9A19103F-16F7-4668-BE54-9A1E7A4F7556}") = "Mediator.RealWorld", "Mediator.RealWorld\Mediator.RealWorld.csproj", "{959D1BF3-1DF4-40F6-A92F-A534E8957D5C}"
EndProject
Project("{9A19103F-16F7-4668-BE54-9A1E7A4F7556}") = "Mediator.NET", "Mediator.NET\Mediator.NET.csproj", "{F37CA92B-A003-4B58-B724-F807E0D4980D}"
EndProject
Project("{2150E333-8FDC-42A3-9474-1A3956D46DE8}") = "16-Builder-17-Prototype-18-Mediator", "16-Builder-17-Prototype-18-Mediator", "{21456130-B195-4586-B6AD-AA80719C7444}"
EndProject
Project("{FAE04EC0-301F-11D3-BF4B-00C04F79EFBC}") = "Visitor", "Visitor\Visitor.csproj", "{DF44BC93-7420-4391-A9ED-BEEA59C4801F}"
EndProject
Project("{FAE04EC0-301F-11D3-BF4B-00C04F79EFBC}") = "Visitor.RealWorld", "Visitor.RealWorld\Visitor.RealWorld.csproj", "{58403DE7-4E11-45EE-AE88-6CEAA482BEAD}"
EndProject
Project("{FAE04EC0-301F-11D3-BF4B-00C04F79EFBC}") = "Visitor.NET", "Visitor.NET\Visitor.NET.csproj", "{1CBA1B50-6CA2-4CBB-B263-727EE8AF7716}"
EndProject
Global
	GlobalSection(SolutionConfigurationPlatforms) = preSolution
		Debug|Any CPU = Debug|Any CPU
		Release|Any CPU = Release|Any CPU
	EndGlobalSection
	GlobalSection(ProjectConfigurationPlatforms) = postSolution
		{C85AFA15-2BF0-4A2A-AB81-2E42C1CB1A8B}.Debug|Any CPU.ActiveCfg = Debug|Any CPU
		{C85AFA15-2BF0-4A2A-AB81-2E42C1CB1A8B}.Debug|Any CPU.Build.0 = Debug|Any CPU
		{C85AFA15-2BF0-4A2A-AB81-2E42C1CB1A8B}.Release|Any CPU.ActiveCfg = Release|Any CPU
		{C85AFA15-2BF0-4A2A-AB81-2E42C1CB1A8B}.Release|Any CPU.Build.0 = Release|Any CPU
		{661C1D50-C20F-426C-A632-8A5B2FAA88D4}.Debug|Any CPU.ActiveCfg = Debug|Any CPU
		{661C1D50-C20F-426C-A632-8A5B2FAA88D4}.Debug|Any CPU.Build.0 = Debug|Any CPU
		{661C1D50-C20F-426C-A632-8A5B2FAA88D4}.Release|Any CPU.ActiveCfg = Release|Any CPU
		{661C1D50-C20F-426C-A632-8A5B2FAA88D4}.Release|Any CPU.Build.0 = Release|Any CPU
		{2725A7DC-A238-4F76-A58E-A71059BB5A3F}.Debug|Any CPU.ActiveCfg = Debug|Any CPU
		{2725A7DC-A238-4F76-A58E-A71059BB5A3F}.Debug|Any CPU.Build.0 = Debug|Any CPU
		{2725A7DC-A238-4F76-A58E-A71059BB5A3F}.Release|Any CPU.ActiveCfg = Release|Any CPU
		{2725A7DC-A238-4F76-A58E-A71059BB5A3F}.Release|Any CPU.Build.0 = Release|Any CPU
		{3A4B2397-99C5-452A-A180-30D129CE4048}.Debug|Any CPU.ActiveCfg = Debug|Any CPU
		{3A4B2397-99C5-452A-A180-30D129CE4048}.Debug|Any CPU.Build.0 = Debug|Any CPU
		{3A4B2397-99C5-452A-A180-30D129CE4048}.Release|Any CPU.ActiveCfg = Release|Any CPU
		{3A4B2397-99C5-452A-A180-30D129CE4048}.Release|Any CPU.Build.0 = Release|Any CPU
		{CE162731-373C-40C7-B60B-9A075C2F6E95}.Debug|Any CPU.ActiveCfg = Debug|Any CPU
		{CE162731-373C-40C7-B60B-9A075C2F6E95}.Debug|Any CPU.Build.0 = Debug|Any CPU
		{CE162731-373C-40C7-B60B-9A075C2F6E95}.Release|Any CPU.ActiveCfg = Release|Any CPU
		{CE162731-373C-40C7-B60B-9A075C2F6E95}.Release|Any CPU.Build.0 = Release|Any CPU
		{59BA490D-30B6-4027-8A28-AF0B08588A96}.Debug|Any CPU.ActiveCfg = Debug|Any CPU
		{59BA490D-30B6-4027-8A28-AF0B08588A96}.Debug|Any CPU.Build.0 = Debug|Any CPU
		{59BA490D-30B6-4027-8A28-AF0B08588A96}.Release|Any CPU.ActiveCfg = Release|Any CPU
		{59BA490D-30B6-4027-8A28-AF0B08588A96}.Release|Any CPU.Build.0 = Release|Any CPU
		{222CF8B6-2C40-496A-9C78-D68CDB2A0159}.Debug|Any CPU.ActiveCfg = Debug|Any CPU
		{222CF8B6-2C40-496A-9C78-D68CDB2A0159}.Debug|Any CPU.Build.0 = Debug|Any CPU
		{222CF8B6-2C40-496A-9C78-D68CDB2A0159}.Release|Any CPU.ActiveCfg = Release|Any CPU
		{222CF8B6-2C40-496A-9C78-D68CDB2A0159}.Release|Any CPU.Build.0 = Release|Any CPU
		{ADFB6402-5EAA-4167-B48E-B1823760AB77}.Debug|Any CPU.ActiveCfg = Debug|Any CPU
		{ADFB6402-5EAA-4167-B48E-B1823760AB77}.Debug|Any CPU.Build.0 = Debug|Any CPU
		{ADFB6402-5EAA-4167-B48E-B1823760AB77}.Release|Any CPU.ActiveCfg = Release|Any CPU
		{ADFB6402-5EAA-4167-B48E-B1823760AB77}.Release|Any CPU.Build.0 = Release|Any CPU
		{024ED61D-2877-4662-ACCE-2130E19BFB98}.Debug|Any CPU.ActiveCfg = Debug|Any CPU
		{024ED61D-2877-4662-ACCE-2130E19BFB98}.Debug|Any CPU.Build.0 = Debug|Any CPU
		{024ED61D-2877-4662-ACCE-2130E19BFB98}.Release|Any CPU.ActiveCfg = Release|Any CPU
		{024ED61D-2877-4662-ACCE-2130E19BFB98}.Release|Any CPU.Build.0 = Release|Any CPU
		{A56D6562-5421-406F-AE25-C27456180676}.Debug|Any CPU.ActiveCfg = Debug|Any CPU
		{A56D6562-5421-406F-AE25-C27456180676}.Debug|Any CPU.Build.0 = Debug|Any CPU
		{A56D6562-5421-406F-AE25-C27456180676}.Release|Any CPU.ActiveCfg = Release|Any CPU
		{A56D6562-5421-406F-AE25-C27456180676}.Release|Any CPU.Build.0 = Release|Any CPU
		{16273459-1F9B-4A49-906F-C8E8052026FC}.Debug|Any CPU.ActiveCfg = Debug|Any CPU
		{16273459-1F9B-4A49-906F-C8E8052026FC}.Debug|Any CPU.Build.0 = Debug|Any CPU
		{16273459-1F9B-4A49-906F-C8E8052026FC}.Release|Any CPU.ActiveCfg = Release|Any CPU
		{16273459-1F9B-4A49-906F-C8E8052026FC}.Release|Any CPU.Build.0 = Release|Any CPU
		{A52889F0-389D-4931-A490-F751A387491C}.Debug|Any CPU.ActiveCfg = Debug|Any CPU
		{A52889F0-389D-4931-A490-F751A387491C}.Debug|Any CPU.Build.0 = Debug|Any CPU
		{A52889F0-389D-4931-A490-F751A387491C}.Release|Any CPU.ActiveCfg = Release|Any CPU
		{A52889F0-389D-4931-A490-F751A387491C}.Release|Any CPU.Build.0 = Release|Any CPU
		{24769647-316D-409F-AA7A-BD653F87B608}.Debug|Any CPU.ActiveCfg = Debug|Any CPU
		{24769647-316D-409F-AA7A-BD653F87B608}.Debug|Any CPU.Build.0 = Debug|Any CPU
		{24769647-316D-409F-AA7A-BD653F87B608}.Release|Any CPU.ActiveCfg = Release|Any CPU
		{24769647-316D-409F-AA7A-BD653F87B608}.Release|Any CPU.Build.0 = Release|Any CPU
		{69A4E5C5-52C1-4A9B-AA0B-5CD9C82AF609}.Debug|Any CPU.ActiveCfg = Debug|Any CPU
		{69A4E5C5-52C1-4A9B-AA0B-5CD9C82AF609}.Debug|Any CPU.Build.0 = Debug|Any CPU
		{69A4E5C5-52C1-4A9B-AA0B-5CD9C82AF609}.Release|Any CPU.ActiveCfg = Release|Any CPU
		{69A4E5C5-52C1-4A9B-AA0B-5CD9C82AF609}.Release|Any CPU.Build.0 = Release|Any CPU
		{8D461447-A4FB-4431-B1F2-C1B97DD60518}.Debug|Any CPU.ActiveCfg = Debug|Any CPU
		{8D461447-A4FB-4431-B1F2-C1B97DD60518}.Debug|Any CPU.Build.0 = Debug|Any CPU
		{8D461447-A4FB-4431-B1F2-C1B97DD60518}.Release|Any CPU.ActiveCfg = Release|Any CPU
		{8D461447-A4FB-4431-B1F2-C1B97DD60518}.Release|Any CPU.Build.0 = Release|Any CPU
		{D1D51604-256C-45B7-AC55-83572FFE2438}.Debug|Any CPU.ActiveCfg = Debug|Any CPU
		{D1D51604-256C-45B7-AC55-83572FFE2438}.Debug|Any CPU.Build.0 = Debug|Any CPU
		{D1D51604-256C-45B7-AC55-83572FFE2438}.Release|Any CPU.ActiveCfg = Release|Any CPU
		{D1D51604-256C-45B7-AC55-83572FFE2438}.Release|Any CPU.Build.0 = Release|Any CPU
		{C8B3526E-C4EB-4923-8DE6-A2907FFD4126}.Debug|Any CPU.ActiveCfg = Debug|Any CPU
		{C8B3526E-C4EB-4923-8DE6-A2907FFD4126}.Debug|Any CPU.Build.0 = Debug|Any CPU
		{C8B3526E-C4EB-4923-8DE6-A2907FFD4126}.Release|Any CPU.ActiveCfg = Release|Any CPU
		{C8B3526E-C4EB-4923-8DE6-A2907FFD4126}.Release|Any CPU.Build.0 = Release|Any CPU
		{F06EE424-D2FE-4117-94AE-3722D68F42E1}.Debug|Any CPU.ActiveCfg = Debug|Any CPU
		{F06EE424-D2FE-4117-94AE-3722D68F42E1}.Debug|Any CPU.Build.0 = Debug|Any CPU
		{F06EE424-D2FE-4117-94AE-3722D68F42E1}.Release|Any CPU.ActiveCfg = Release|Any CPU
		{F06EE424-D2FE-4117-94AE-3722D68F42E1}.Release|Any CPU.Build.0 = Release|Any CPU
		{28CB104E-572F-4F6F-98B1-328B6BAAE32B}.Debug|Any CPU.ActiveCfg = Debug|Any CPU
		{28CB104E-572F-4F6F-98B1-328B6BAAE32B}.Debug|Any CPU.Build.0 = Debug|Any CPU
		{28CB104E-572F-4F6F-98B1-328B6BAAE32B}.Release|Any CPU.ActiveCfg = Release|Any CPU
		{28CB104E-572F-4F6F-98B1-328B6BAAE32B}.Release|Any CPU.Build.0 = Release|Any CPU
		{F485104C-59A9-4E29-9B8B-5E68AA5D645F}.Debug|Any CPU.ActiveCfg = Debug|Any CPU
		{F485104C-59A9-4E29-9B8B-5E68AA5D645F}.Debug|Any CPU.Build.0 = Debug|Any CPU
		{F485104C-59A9-4E29-9B8B-5E68AA5D645F}.Release|Any CPU.ActiveCfg = Release|Any CPU
		{F485104C-59A9-4E29-9B8B-5E68AA5D645F}.Release|Any CPU.Build.0 = Release|Any CPU
		{40B0A45A-3131-4FE3-AB61-DA44E6F70CC0}.Debug|Any CPU.ActiveCfg = Debug|Any CPU
		{40B0A45A-3131-4FE3-AB61-DA44E6F70CC0}.Debug|Any CPU.Build.0 = Debug|Any CPU
		{40B0A45A-3131-4FE3-AB61-DA44E6F70CC0}.Release|Any CPU.ActiveCfg = Release|Any CPU
		{40B0A45A-3131-4FE3-AB61-DA44E6F70CC0}.Release|Any CPU.Build.0 = Release|Any CPU
		{697F187A-22BD-4AC6-8E36-6CC449AB6902}.Debug|Any CPU.ActiveCfg = Debug|Any CPU
		{697F187A-22BD-4AC6-8E36-6CC449AB6902}.Debug|Any CPU.Build.0 = Debug|Any CPU
		{697F187A-22BD-4AC6-8E36-6CC449AB6902}.Release|Any CPU.ActiveCfg = Release|Any CPU
		{697F187A-22BD-4AC6-8E36-6CC449AB6902}.Release|Any CPU.Build.0 = Release|Any CPU
		{EEC94FD7-C5C5-4A39-97E3-E6FBC228F6E0}.Debug|Any CPU.ActiveCfg = Debug|Any CPU
		{EEC94FD7-C5C5-4A39-97E3-E6FBC228F6E0}.Debug|Any CPU.Build.0 = Debug|Any CPU
		{EEC94FD7-C5C5-4A39-97E3-E6FBC228F6E0}.Release|Any CPU.ActiveCfg = Release|Any CPU
		{EEC94FD7-C5C5-4A39-97E3-E6FBC228F6E0}.Release|Any CPU.Build.0 = Release|Any CPU
		{6FF1B5DD-D6B1-4B19-BDD4-4499D3CD3234}.Debug|Any CPU.ActiveCfg = Debug|Any CPU
		{6FF1B5DD-D6B1-4B19-BDD4-4499D3CD3234}.Debug|Any CPU.Build.0 = Debug|Any CPU
		{6FF1B5DD-D6B1-4B19-BDD4-4499D3CD3234}.Release|Any CPU.ActiveCfg = Release|Any CPU
		{6FF1B5DD-D6B1-4B19-BDD4-4499D3CD3234}.Release|Any CPU.Build.0 = Release|Any CPU
		{02B873BA-113A-4FB3-91F0-BA39C5C0556C}.Debug|Any CPU.ActiveCfg = Debug|Any CPU
		{02B873BA-113A-4FB3-91F0-BA39C5C0556C}.Debug|Any CPU.Build.0 = Debug|Any CPU
		{02B873BA-113A-4FB3-91F0-BA39C5C0556C}.Release|Any CPU.ActiveCfg = Release|Any CPU
		{02B873BA-113A-4FB3-91F0-BA39C5C0556C}.Release|Any CPU.Build.0 = Release|Any CPU
		{6E7792AB-983F-43F8-970C-6CA50075DF2B}.Debug|Any CPU.ActiveCfg = Debug|Any CPU
		{6E7792AB-983F-43F8-970C-6CA50075DF2B}.Debug|Any CPU.Build.0 = Debug|Any CPU
		{6E7792AB-983F-43F8-970C-6CA50075DF2B}.Release|Any CPU.ActiveCfg = Release|Any CPU
		{6E7792AB-983F-43F8-970C-6CA50075DF2B}.Release|Any CPU.Build.0 = Release|Any CPU
		{6E214E31-69BE-48F9-A35B-251E2B406E67}.Debug|Any CPU.ActiveCfg = Debug|Any CPU
		{6E214E31-69BE-48F9-A35B-251E2B406E67}.Debug|Any CPU.Build.0 = Debug|Any CPU
		{6E214E31-69BE-48F9-A35B-251E2B406E67}.Release|Any CPU.ActiveCfg = Release|Any CPU
		{6E214E31-69BE-48F9-A35B-251E2B406E67}.Release|Any CPU.Build.0 = Release|Any CPU
		{3CF924C4-D934-468F-8D03-BC6C4E87DC83}.Debug|Any CPU.ActiveCfg = Debug|Any CPU
		{3CF924C4-D934-468F-8D03-BC6C4E87DC83}.Debug|Any CPU.Build.0 = Debug|Any CPU
		{3CF924C4-D934-468F-8D03-BC6C4E87DC83}.Release|Any CPU.ActiveCfg = Release|Any CPU
		{3CF924C4-D934-468F-8D03-BC6C4E87DC83}.Release|Any CPU.Build.0 = Release|Any CPU
		{79E96F17-64D1-46E9-9DD9-06B83C66CCC2}.Debug|Any CPU.ActiveCfg = Debug|Any CPU
		{79E96F17-64D1-46E9-9DD9-06B83C66CCC2}.Debug|Any CPU.Build.0 = Debug|Any CPU
		{79E96F17-64D1-46E9-9DD9-06B83C66CCC2}.Release|Any CPU.ActiveCfg = Release|Any CPU
		{79E96F17-64D1-46E9-9DD9-06B83C66CCC2}.Release|Any CPU.Build.0 = Release|Any CPU
		{D225F8CF-4650-4F7C-8A70-6F82DB0B619B}.Debug|Any CPU.ActiveCfg = Debug|Any CPU
		{D225F8CF-4650-4F7C-8A70-6F82DB0B619B}.Debug|Any CPU.Build.0 = Debug|Any CPU
		{D225F8CF-4650-4F7C-8A70-6F82DB0B619B}.Release|Any CPU.ActiveCfg = Release|Any CPU
		{D225F8CF-4650-4F7C-8A70-6F82DB0B619B}.Release|Any CPU.Build.0 = Release|Any CPU
		{2FE82451-75CC-4236-BD6D-BE83DB594722}.Debug|Any CPU.ActiveCfg = Debug|Any CPU
		{2FE82451-75CC-4236-BD6D-BE83DB594722}.Debug|Any CPU.Build.0 = Debug|Any CPU
		{2FE82451-75CC-4236-BD6D-BE83DB594722}.Release|Any CPU.ActiveCfg = Release|Any CPU
		{2FE82451-75CC-4236-BD6D-BE83DB594722}.Release|Any CPU.Build.0 = Release|Any CPU
		{B37742E5-C55A-48D2-8BBD-D6FB788D15FB}.Debug|Any CPU.ActiveCfg = Debug|Any CPU
		{B37742E5-C55A-48D2-8BBD-D6FB788D15FB}.Debug|Any CPU.Build.0 = Debug|Any CPU
		{B37742E5-C55A-48D2-8BBD-D6FB788D15FB}.Release|Any CPU.ActiveCfg = Release|Any CPU
		{B37742E5-C55A-48D2-8BBD-D6FB788D15FB}.Release|Any CPU.Build.0 = Release|Any CPU
		{3F279AD3-CDC3-41B3-9F8B-503A2DDC1035}.Debug|Any CPU.ActiveCfg = Debug|Any CPU
		{3F279AD3-CDC3-41B3-9F8B-503A2DDC1035}.Debug|Any CPU.Build.0 = Debug|Any CPU
		{3F279AD3-CDC3-41B3-9F8B-503A2DDC1035}.Release|Any CPU.ActiveCfg = Release|Any CPU
		{3F279AD3-CDC3-41B3-9F8B-503A2DDC1035}.Release|Any CPU.Build.0 = Release|Any CPU
		{F7A53278-C732-4614-9425-4793A70D0AF3}.Debug|Any CPU.ActiveCfg = Debug|Any CPU
		{F7A53278-C732-4614-9425-4793A70D0AF3}.Debug|Any CPU.Build.0 = Debug|Any CPU
		{F7A53278-C732-4614-9425-4793A70D0AF3}.Release|Any CPU.ActiveCfg = Release|Any CPU
		{F7A53278-C732-4614-9425-4793A70D0AF3}.Release|Any CPU.Build.0 = Release|Any CPU
		{33B6C4CC-A7AA-4896-85C2-96DDA571F86F}.Debug|Any CPU.ActiveCfg = Debug|Any CPU
		{33B6C4CC-A7AA-4896-85C2-96DDA571F86F}.Debug|Any CPU.Build.0 = Debug|Any CPU
		{33B6C4CC-A7AA-4896-85C2-96DDA571F86F}.Release|Any CPU.ActiveCfg = Release|Any CPU
		{33B6C4CC-A7AA-4896-85C2-96DDA571F86F}.Release|Any CPU.Build.0 = Release|Any CPU
		{F7DDD7DE-AC69-433C-A4F6-9B300DB495F4}.Debug|Any CPU.ActiveCfg = Debug|Any CPU
		{F7DDD7DE-AC69-433C-A4F6-9B300DB495F4}.Debug|Any CPU.Build.0 = Debug|Any CPU
		{F7DDD7DE-AC69-433C-A4F6-9B300DB495F4}.Release|Any CPU.ActiveCfg = Release|Any CPU
		{F7DDD7DE-AC69-433C-A4F6-9B300DB495F4}.Release|Any CPU.Build.0 = Release|Any CPU
		{5E52117B-8D54-42E9-8B13-97D846472B4B}.Debug|Any CPU.ActiveCfg = Debug|Any CPU
		{5E52117B-8D54-42E9-8B13-97D846472B4B}.Debug|Any CPU.Build.0 = Debug|Any CPU
		{5E52117B-8D54-42E9-8B13-97D846472B4B}.Release|Any CPU.ActiveCfg = Release|Any CPU
		{5E52117B-8D54-42E9-8B13-97D846472B4B}.Release|Any CPU.Build.0 = Release|Any CPU
		{04585F5C-6DAD-439D-B797-0834AB222E1D}.Debug|Any CPU.ActiveCfg = Debug|Any CPU
		{04585F5C-6DAD-439D-B797-0834AB222E1D}.Debug|Any CPU.Build.0 = Debug|Any CPU
		{04585F5C-6DAD-439D-B797-0834AB222E1D}.Release|Any CPU.ActiveCfg = Release|Any CPU
		{04585F5C-6DAD-439D-B797-0834AB222E1D}.Release|Any CPU.Build.0 = Release|Any CPU
		{6CA9261E-45FE-4A75-8432-9F8FE4A27B12}.Debug|Any CPU.ActiveCfg = Debug|Any CPU
		{6CA9261E-45FE-4A75-8432-9F8FE4A27B12}.Debug|Any CPU.Build.0 = Debug|Any CPU
		{6CA9261E-45FE-4A75-8432-9F8FE4A27B12}.Release|Any CPU.ActiveCfg = Release|Any CPU
		{6CA9261E-45FE-4A75-8432-9F8FE4A27B12}.Release|Any CPU.Build.0 = Release|Any CPU
		{453924CA-758C-4598-9755-D428A1D76298}.Debug|Any CPU.ActiveCfg = Debug|Any CPU
		{453924CA-758C-4598-9755-D428A1D76298}.Debug|Any CPU.Build.0 = Debug|Any CPU
		{453924CA-758C-4598-9755-D428A1D76298}.Release|Any CPU.ActiveCfg = Release|Any CPU
		{453924CA-758C-4598-9755-D428A1D76298}.Release|Any CPU.Build.0 = Release|Any CPU
		{7DC73685-ABA3-4CE0-95C2-930825241ED9}.Debug|Any CPU.ActiveCfg = Debug|Any CPU
		{7DC73685-ABA3-4CE0-95C2-930825241ED9}.Debug|Any CPU.Build.0 = Debug|Any CPU
		{7DC73685-ABA3-4CE0-95C2-930825241ED9}.Release|Any CPU.ActiveCfg = Release|Any CPU
		{7DC73685-ABA3-4CE0-95C2-930825241ED9}.Release|Any CPU.Build.0 = Release|Any CPU
		{AA94F3CE-2D66-4F7E-966B-2944231C63C1}.Debug|Any CPU.ActiveCfg = Debug|Any CPU
		{AA94F3CE-2D66-4F7E-966B-2944231C63C1}.Debug|Any CPU.Build.0 = Debug|Any CPU
		{AA94F3CE-2D66-4F7E-966B-2944231C63C1}.Release|Any CPU.ActiveCfg = Release|Any CPU
		{AA94F3CE-2D66-4F7E-966B-2944231C63C1}.Release|Any CPU.Build.0 = Release|Any CPU
		{47D204F9-BE20-4259-AE0C-56C01CDC9458}.Debug|Any CPU.ActiveCfg = Debug|Any CPU
		{47D204F9-BE20-4259-AE0C-56C01CDC9458}.Debug|Any CPU.Build.0 = Debug|Any CPU
		{47D204F9-BE20-4259-AE0C-56C01CDC9458}.Release|Any CPU.ActiveCfg = Release|Any CPU
		{47D204F9-BE20-4259-AE0C-56C01CDC9458}.Release|Any CPU.Build.0 = Release|Any CPU
		{B8C03F80-3684-4128-81DF-75E28ADE7259}.Debug|Any CPU.ActiveCfg = Debug|Any CPU
		{B8C03F80-3684-4128-81DF-75E28ADE7259}.Debug|Any CPU.Build.0 = Debug|Any CPU
		{B8C03F80-3684-4128-81DF-75E28ADE7259}.Release|Any CPU.ActiveCfg = Release|Any CPU
		{B8C03F80-3684-4128-81DF-75E28ADE7259}.Release|Any CPU.Build.0 = Release|Any CPU
		{F65D2534-EFDF-4A19-AFBE-94B2B2FF4486}.Debug|Any CPU.ActiveCfg = Debug|Any CPU
		{F65D2534-EFDF-4A19-AFBE-94B2B2FF4486}.Debug|Any CPU.Build.0 = Debug|Any CPU
		{F65D2534-EFDF-4A19-AFBE-94B2B2FF4486}.Release|Any CPU.ActiveCfg = Release|Any CPU
		{F65D2534-EFDF-4A19-AFBE-94B2B2FF4486}.Release|Any CPU.Build.0 = Release|Any CPU
		{9B4AF0FD-C9BA-4377-9999-4A0FF23E2886}.Debug|Any CPU.ActiveCfg = Debug|Any CPU
		{9B4AF0FD-C9BA-4377-9999-4A0FF23E2886}.Debug|Any CPU.Build.0 = Debug|Any CPU
		{9B4AF0FD-C9BA-4377-9999-4A0FF23E2886}.Release|Any CPU.ActiveCfg = Release|Any CPU
		{9B4AF0FD-C9BA-4377-9999-4A0FF23E2886}.Release|Any CPU.Build.0 = Release|Any CPU
		{B05136C9-6062-42FB-B1CE-17B60F6FC7F8}.Debug|Any CPU.ActiveCfg = Debug|Any CPU
		{B05136C9-6062-42FB-B1CE-17B60F6FC7F8}.Debug|Any CPU.Build.0 = Debug|Any CPU
		{B05136C9-6062-42FB-B1CE-17B60F6FC7F8}.Release|Any CPU.ActiveCfg = Release|Any CPU
		{B05136C9-6062-42FB-B1CE-17B60F6FC7F8}.Release|Any CPU.Build.0 = Release|Any CPU
		{48BA5FC9-9AA9-462D-A8BB-D51AF40E690E}.Debug|Any CPU.ActiveCfg = Debug|Any CPU
		{48BA5FC9-9AA9-462D-A8BB-D51AF40E690E}.Debug|Any CPU.Build.0 = Debug|Any CPU
		{48BA5FC9-9AA9-462D-A8BB-D51AF40E690E}.Release|Any CPU.ActiveCfg = Release|Any CPU
		{48BA5FC9-9AA9-462D-A8BB-D51AF40E690E}.Release|Any CPU.Build.0 = Release|Any CPU
		{959D1BF3-1DF4-40F6-A92F-A534E8957D5C}.Debug|Any CPU.ActiveCfg = Debug|Any CPU
		{959D1BF3-1DF4-40F6-A92F-A534E8957D5C}.Debug|Any CPU.Build.0 = Debug|Any CPU
		{959D1BF3-1DF4-40F6-A92F-A534E8957D5C}.Release|Any CPU.ActiveCfg = Release|Any CPU
		{959D1BF3-1DF4-40F6-A92F-A534E8957D5C}.Release|Any CPU.Build.0 = Release|Any CPU
		{F37CA92B-A003-4B58-B724-F807E0D4980D}.Debug|Any CPU.ActiveCfg = Debug|Any CPU
		{F37CA92B-A003-4B58-B724-F807E0D4980D}.Debug|Any CPU.Build.0 = Debug|Any CPU
		{F37CA92B-A003-4B58-B724-F807E0D4980D}.Release|Any CPU.ActiveCfg = Release|Any CPU
		{F37CA92B-A003-4B58-B724-F807E0D4980D}.Release|Any CPU.Build.0 = Release|Any CPU
		{DF44BC93-7420-4391-A9ED-BEEA59C4801F}.Debug|Any CPU.ActiveCfg = Debug|Any CPU
		{DF44BC93-7420-4391-A9ED-BEEA59C4801F}.Debug|Any CPU.Build.0 = Debug|Any CPU
		{DF44BC93-7420-4391-A9ED-BEEA59C4801F}.Release|Any CPU.ActiveCfg = Release|Any CPU
		{DF44BC93-7420-4391-A9ED-BEEA59C4801F}.Release|Any CPU.Build.0 = Release|Any CPU
		{58403DE7-4E11-45EE-AE88-6CEAA482BEAD}.Debug|Any CPU.ActiveCfg = Debug|Any CPU
		{58403DE7-4E11-45EE-AE88-6CEAA482BEAD}.Debug|Any CPU.Build.0 = Debug|Any CPU
		{58403DE7-4E11-45EE-AE88-6CEAA482BEAD}.Release|Any CPU.ActiveCfg = Release|Any CPU
		{58403DE7-4E11-45EE-AE88-6CEAA482BEAD}.Release|Any CPU.Build.0 = Release|Any CPU
		{1CBA1B50-6CA2-4CBB-B263-727EE8AF7716}.Debug|Any CPU.ActiveCfg = Debug|Any CPU
		{1CBA1B50-6CA2-4CBB-B263-727EE8AF7716}.Debug|Any CPU.Build.0 = Debug|Any CPU
		{1CBA1B50-6CA2-4CBB-B263-727EE8AF7716}.Release|Any CPU.ActiveCfg = Release|Any CPU
		{1CBA1B50-6CA2-4CBB-B263-727EE8AF7716}.Release|Any CPU.Build.0 = Release|Any CPU
	EndGlobalSection
	GlobalSection(SolutionProperties) = preSolution
		HideSolutionNode = FALSE
	EndGlobalSection
	GlobalSection(NestedProjects) = preSolution
		{C85AFA15-2BF0-4A2A-AB81-2E42C1CB1A8B} = {62F8A86A-49E3-43DB-A93E-48C575C4CCEC}
		{661C1D50-C20F-426C-A632-8A5B2FAA88D4} = {62F8A86A-49E3-43DB-A93E-48C575C4CCEC}
		{2725A7DC-A238-4F76-A58E-A71059BB5A3F} = {62F8A86A-49E3-43DB-A93E-48C575C4CCEC}
		{3A4B2397-99C5-452A-A180-30D129CE4048} = {62F8A86A-49E3-43DB-A93E-48C575C4CCEC}
		{CE162731-373C-40C7-B60B-9A075C2F6E95} = {62F8A86A-49E3-43DB-A93E-48C575C4CCEC}
		{59BA490D-30B6-4027-8A28-AF0B08588A96} = {62F8A86A-49E3-43DB-A93E-48C575C4CCEC}
		{222CF8B6-2C40-496A-9C78-D68CDB2A0159} = {D5E67AFC-F4CB-4E20-A2B2-914DD0AA20DF}
		{ADFB6402-5EAA-4167-B48E-B1823760AB77} = {D5E67AFC-F4CB-4E20-A2B2-914DD0AA20DF}
		{024ED61D-2877-4662-ACCE-2130E19BFB98} = {D5E67AFC-F4CB-4E20-A2B2-914DD0AA20DF}
		{A56D6562-5421-406F-AE25-C27456180676} = {D5E67AFC-F4CB-4E20-A2B2-914DD0AA20DF}
		{16273459-1F9B-4A49-906F-C8E8052026FC} = {D5E67AFC-F4CB-4E20-A2B2-914DD0AA20DF}
		{A52889F0-389D-4931-A490-F751A387491C} = {D5E67AFC-F4CB-4E20-A2B2-914DD0AA20DF}
		{24769647-316D-409F-AA7A-BD653F87B608} = {D5E67AFC-F4CB-4E20-A2B2-914DD0AA20DF}
		{69A4E5C5-52C1-4A9B-AA0B-5CD9C82AF609} = {D5E67AFC-F4CB-4E20-A2B2-914DD0AA20DF}
		{8D461447-A4FB-4431-B1F2-C1B97DD60518} = {663579FB-1BFD-4962-BCEF-195B7B923D1B}
		{D1D51604-256C-45B7-AC55-83572FFE2438} = {663579FB-1BFD-4962-BCEF-195B7B923D1B}
		{C8B3526E-C4EB-4923-8DE6-A2907FFD4126} = {663579FB-1BFD-4962-BCEF-195B7B923D1B}
		{F06EE424-D2FE-4117-94AE-3722D68F42E1} = {663579FB-1BFD-4962-BCEF-195B7B923D1B}
		{28CB104E-572F-4F6F-98B1-328B6BAAE32B} = {663579FB-1BFD-4962-BCEF-195B7B923D1B}
		{F485104C-59A9-4E29-9B8B-5E68AA5D645F} = {663579FB-1BFD-4962-BCEF-195B7B923D1B}
		{40B0A45A-3131-4FE3-AB61-DA44E6F70CC0} = {663579FB-1BFD-4962-BCEF-195B7B923D1B}
		{697F187A-22BD-4AC6-8E36-6CC449AB6902} = {663579FB-1BFD-4962-BCEF-195B7B923D1B}
		{EEC94FD7-C5C5-4A39-97E3-E6FBC228F6E0} = {663579FB-1BFD-4962-BCEF-195B7B923D1B}
		{6FF1B5DD-D6B1-4B19-BDD4-4499D3CD3234} = {6148DA02-5491-4CB4-82D1-D20F18909040}
		{02B873BA-113A-4FB3-91F0-BA39C5C0556C} = {6148DA02-5491-4CB4-82D1-D20F18909040}
		{6E7792AB-983F-43F8-970C-6CA50075DF2B} = {6148DA02-5491-4CB4-82D1-D20F18909040}
		{6E214E31-69BE-48F9-A35B-251E2B406E67} = {6148DA02-5491-4CB4-82D1-D20F18909040}
		{3CF924C4-D934-468F-8D03-BC6C4E87DC83} = {6148DA02-5491-4CB4-82D1-D20F18909040}
		{79E96F17-64D1-46E9-9DD9-06B83C66CCC2} = {6148DA02-5491-4CB4-82D1-D20F18909040}
		{D225F8CF-4650-4F7C-8A70-6F82DB0B619B} = {6148DA02-5491-4CB4-82D1-D20F18909040}
		{2FE82451-75CC-4236-BD6D-BE83DB594722} = {6148DA02-5491-4CB4-82D1-D20F18909040}
		{B37742E5-C55A-48D2-8BBD-D6FB788D15FB} = {6148DA02-5491-4CB4-82D1-D20F18909040}
		{3F279AD3-CDC3-41B3-9F8B-503A2DDC1035} = {961F15B4-D49A-4CF9-8531-53F3DE083F34}
		{F7A53278-C732-4614-9425-4793A70D0AF3} = {961F15B4-D49A-4CF9-8531-53F3DE083F34}
		{33B6C4CC-A7AA-4896-85C2-96DDA571F86F} = {961F15B4-D49A-4CF9-8531-53F3DE083F34}
		{F7DDD7DE-AC69-433C-A4F6-9B300DB495F4} = {961F15B4-D49A-4CF9-8531-53F3DE083F34}
		{5E52117B-8D54-42E9-8B13-97D846472B4B} = {961F15B4-D49A-4CF9-8531-53F3DE083F34}
		{04585F5C-6DAD-439D-B797-0834AB222E1D} = {961F15B4-D49A-4CF9-8531-53F3DE083F34}
		{6CA9261E-45FE-4A75-8432-9F8FE4A27B12} = {961F15B4-D49A-4CF9-8531-53F3DE083F34}
		{453924CA-758C-4598-9755-D428A1D76298} = {961F15B4-D49A-4CF9-8531-53F3DE083F34}
		{7DC73685-ABA3-4CE0-95C2-930825241ED9} = {961F15B4-D49A-4CF9-8531-53F3DE083F34}
		{AA94F3CE-2D66-4F7E-966B-2944231C63C1} = {21456130-B195-4586-B6AD-AA80719C7444}
		{47D204F9-BE20-4259-AE0C-56C01CDC9458} = {21456130-B195-4586-B6AD-AA80719C7444}
		{B8C03F80-3684-4128-81DF-75E28ADE7259} = {21456130-B195-4586-B6AD-AA80719C7444}
		{F65D2534-EFDF-4A19-AFBE-94B2B2FF4486} = {21456130-B195-4586-B6AD-AA80719C7444}
		{9B4AF0FD-C9BA-4377-9999-4A0FF23E2886} = {21456130-B195-4586-B6AD-AA80719C7444}
		{B05136C9-6062-42FB-B1CE-17B60F6FC7F8} = {21456130-B195-4586-B6AD-AA80719C7444}
		{48BA5FC9-9AA9-462D-A8BB-D51AF40E690E} = {21456130-B195-4586-B6AD-AA80719C7444}
		{959D1BF3-1DF4-40F6-A92F-A534E8957D5C} = {21456130-B195-4586-B6AD-AA80719C7444}
		{F37CA92B-A003-4B58-B724-F807E0D4980D} = {21456130-B195-4586-B6AD-AA80719C7444}
	EndGlobalSection
	GlobalSection(ExtensibilityGlobals) = postSolution
		SolutionGuid = {FF523D0A-351E-4991-9D47-2BB460298EC8}
	EndGlobalSection
EndGlobal
