
Microsoft Visual Studio Solution File, Format Version 12.00
# Visual Studio Version 17
VisualStudioVersion = 17.5.33530.505
MinimumVisualStudioVersion = 10.0.40219.1
Project("{FAE04EC0-301F-11D3-BF4B-00C04F79EFBC}") = "Singleton", "Singleton\Singleton.csproj", "{C85AFA15-2BF0-4A2A-AB81-2E42C1CB1A8B}"
EndProject
Project("{FAE04EC0-301F-11D3-BF4B-00C04F79EFBC}") = "Singleton.RealWorld", "Singleton.RealWorld\Singleton.RealWorld.csproj", "{661C1D50-C20F-426C-A632-8A5B2FAA88D4}"
EndProject
Global
	GlobalSection(SolutionConfigurationPlatforms) = preSolution
		Debug|Any CPU = Debug|Any CPU
		Release|Any CPU = Release|Any CPU
	EndGlobalSection
	GlobalSection(ProjectConfigurationPlatforms) = postSolution
		{C85AFA15-2BF0-4A2A-AB81-2E42C1CB1A8B}.Debug|Any CPU.ActiveCfg = Debug|Any CPU
		{C85AFA15-2BF0-4A2A-AB81-2E42C1CB1A8B}.Debug|Any CPU.Build.0 = Debug|Any CPU
		{C85AFA15-2BF0-4A2A-AB81-2E42C1CB1A8B}.Release|Any CPU.ActiveCfg = Release|Any CPU
		{C85AFA15-2BF0-4A2A-AB81-2E42C1CB1A8B}.Release|Any CPU.Build.0 = Release|Any CPU
		{661C1D50-C20F-426C-A632-8A5B2FAA88D4}.Debug|Any CPU.ActiveCfg = Debug|Any CPU
		{661C1D50-C20F-426C-A632-8A5B2FAA88D4}.Debug|Any CPU.Build.0 = Debug|Any CPU
		{661C1D50-C20F-426C-A632-8A5B2FAA88D4}.Release|Any CPU.ActiveCfg = Release|Any CPU
		{661C1D50-C20F-426C-A632-8A5B2FAA88D4}.Release|Any CPU.Build.0 = Release|Any CPU
	EndGlobalSection
	GlobalSection(SolutionProperties) = preSolution
		HideSolutionNode = FALSE
	EndGlobalSection
	GlobalSection(ExtensibilityGlobals) = postSolution
		SolutionGuid = {FF523D0A-351E-4991-9D47-2BB460298EC8}
	EndGlobalSection
EndGlobal
