
Microsoft Visual Studio Solution File, Format Version 12.00
# Visual Studio Version 17
VisualStudioVersion = 17.5.33530.505
MinimumVisualStudioVersion = 10.0.40219.1
Project("{9A19103F-16F7-4668-BE54-9A1E7A4F7556}") = "Singleton", "Singleton\Singleton.csproj", "{C85AFA15-2BF0-4A2A-AB81-2E42C1CB1A8B}"
EndProject
Project("{9A19103F-16F7-4668-BE54-9A1E7A4F7556}") = "Singleton.RealWorld", "Singleton.RealWorld\Singleton.RealWorld.csproj", "{661C1D50-C20F-426C-A632-8A5B2FAA88D4}"
EndProject
Project("{9A19103F-16F7-4668-BE54-9A1E7A4F7556}") = "Factory", "Factory\Factory.csproj", "{2725A7DC-A238-4F76-A58E-A71059BB5A3F}"
EndProject
Project("{9A19103F-16F7-4668-BE54-9A1E7A4F7556}") = "Factory.RealWorld", "Factory.RealWorld\Factory.RealWorld.csproj", "{3A4B2397-99C5-452A-A180-30D129CE4048}"
EndProject
Project("{2150E333-8FDC-42A3-9474-1A3956D46DE8}") = "1-Singelton-2-FactoryMethod-3-Observer", "1-Singelton-2-FactoryMethod-3-Observer", "{62F8A86A-49E3-43DB-A93E-48C575C4CCEC}"
EndProject
Project("{9A19103F-16F7-4668-BE54-9A1E7A4F7556}") = "Observer", "Observer\Observer.csproj", "{CE162731-373C-40C7-B60B-9A075C2F6E95}"
EndProject
Project("{9A19103F-16F7-4668-BE54-9A1E7A4F7556}") = "Observer.RealWorld", "Observer.RealWorld\Observer.RealWorld.csproj", "{59BA490D-30B6-4027-8A28-AF0B08588A96}"
EndProject
Project("{9A19103F-16F7-4668-BE54-9A1E7A4F7556}") = "Strategy", "Strategy\Strategy.csproj", "{222CF8B6-2C40-496A-9C78-D68CDB2A0159}"
EndProject
Project("{9A19103F-16F7-4668-BE54-9A1E7A4F7556}") = "Strategy.RealWorld", "Strategy.RealWorld\Strategy.RealWorld.csproj", "{ADFB6402-5EAA-4167-B48E-B1823760AB77}"
EndProject
Project("{9A19103F-16F7-4668-BE54-9A1E7A4F7556}") = "Template", "Template\Template.csproj", "{024ED61D-2877-4662-ACCE-2130E19BFB98}"
EndProject
Project("{9A19103F-16F7-4668-BE54-9A1E7A4F7556}") = "Template.RealWorld", "Template.RealWorld\Template.RealWorld.csproj", "{A56D6562-5421-406F-AE25-C27456180676}"
EndProject
Project("{9A19103F-16F7-4668-BE54-9A1E7A4F7556}") = "Template.NET", "Template.RealWorld.II\Template.NET.csproj", "{16273459-1F9B-4A49-906F-C8E8052026FC}"
EndProject
Project("{2150E333-8FDC-42A3-9474-1A3956D46DE8}") = "4-Strategy-5-TemplateMethod-6-Adapter", "4-Strategy-5-TemplateMethod-6-Adapter", "{D5E67AFC-F4CB-4E20-A2B2-914DD0AA20DF}"
EndProject
Project("{9A19103F-16F7-4668-BE54-9A1E7A4F7556}") = "Adapter", "Adapter\Adapter.csproj", "{A52889F0-389D-4931-A490-F751A387491C}"
EndProject
Project("{9A19103F-16F7-4668-BE54-9A1E7A4F7556}") = "Adapter.RealWorld", "Adapter.RealWorld\Adapter.RealWorld.csproj", "{24769647-316D-409F-AA7A-BD653F87B608}"
EndProject
Project("{9A19103F-16F7-4668-BE54-9A1E7A4F7556}") = "Adapter.NET", "Adapter.NET\Adapter.NET.csproj", "{69A4E5C5-52C1-4A9B-AA0B-5CD9C82AF609}"
EndProject
Global
	GlobalSection(SolutionConfigurationPlatforms) = preSolution
		Debug|Any CPU = Debug|Any CPU
		Release|Any CPU = Release|Any CPU
	EndGlobalSection
	GlobalSection(ProjectConfigurationPlatforms) = postSolution
		{C85AFA15-2BF0-4A2A-AB81-2E42C1CB1A8B}.Debug|Any CPU.ActiveCfg = Debug|Any CPU
		{C85AFA15-2BF0-4A2A-AB81-2E42C1CB1A8B}.Debug|Any CPU.Build.0 = Debug|Any CPU
		{C85AFA15-2BF0-4A2A-AB81-2E42C1CB1A8B}.Release|Any CPU.ActiveCfg = Release|Any CPU
		{C85AFA15-2BF0-4A2A-AB81-2E42C1CB1A8B}.Release|Any CPU.Build.0 = Release|Any CPU
		{661C1D50-C20F-426C-A632-8A5B2FAA88D4}.Debug|Any CPU.ActiveCfg = Debug|Any CPU
		{661C1D50-C20F-426C-A632-8A5B2FAA88D4}.Debug|Any CPU.Build.0 = Debug|Any CPU
		{661C1D50-C20F-426C-A632-8A5B2FAA88D4}.Release|Any CPU.ActiveCfg = Release|Any CPU
		{661C1D50-C20F-426C-A632-8A5B2FAA88D4}.Release|Any CPU.Build.0 = Release|Any CPU
		{2725A7DC-A238-4F76-A58E-A71059BB5A3F}.Debug|Any CPU.ActiveCfg = Debug|Any CPU
		{2725A7DC-A238-4F76-A58E-A71059BB5A3F}.Debug|Any CPU.Build.0 = Debug|Any CPU
		{2725A7DC-A238-4F76-A58E-A71059BB5A3F}.Release|Any CPU.ActiveCfg = Release|Any CPU
		{2725A7DC-A238-4F76-A58E-A71059BB5A3F}.Release|Any CPU.Build.0 = Release|Any CPU
		{3A4B2397-99C5-452A-A180-30D129CE4048}.Debug|Any CPU.ActiveCfg = Debug|Any CPU
		{3A4B2397-99C5-452A-A180-30D129CE4048}.Debug|Any CPU.Build.0 = Debug|Any CPU
		{3A4B2397-99C5-452A-A180-30D129CE4048}.Release|Any CPU.ActiveCfg = Release|Any CPU
		{3A4B2397-99C5-452A-A180-30D129CE4048}.Release|Any CPU.Build.0 = Release|Any CPU
		{CE162731-373C-40C7-B60B-9A075C2F6E95}.Debug|Any CPU.ActiveCfg = Debug|Any CPU
		{CE162731-373C-40C7-B60B-9A075C2F6E95}.Debug|Any CPU.Build.0 = Debug|Any CPU
		{CE162731-373C-40C7-B60B-9A075C2F6E95}.Release|Any CPU.ActiveCfg = Release|Any CPU
		{CE162731-373C-40C7-B60B-9A075C2F6E95}.Release|Any CPU.Build.0 = Release|Any CPU
		{59BA490D-30B6-4027-8A28-AF0B08588A96}.Debug|Any CPU.ActiveCfg = Debug|Any CPU
		{59BA490D-30B6-4027-8A28-AF0B08588A96}.Debug|Any CPU.Build.0 = Debug|Any CPU
		{59BA490D-30B6-4027-8A28-AF0B08588A96}.Release|Any CPU.ActiveCfg = Release|Any CPU
		{59BA490D-30B6-4027-8A28-AF0B08588A96}.Release|Any CPU.Build.0 = Release|Any CPU
		{222CF8B6-2C40-496A-9C78-D68CDB2A0159}.Debug|Any CPU.ActiveCfg = Debug|Any CPU
		{222CF8B6-2C40-496A-9C78-D68CDB2A0159}.Debug|Any CPU.Build.0 = Debug|Any CPU
		{222CF8B6-2C40-496A-9C78-D68CDB2A0159}.Release|Any CPU.ActiveCfg = Release|Any CPU
		{222CF8B6-2C40-496A-9C78-D68CDB2A0159}.Release|Any CPU.Build.0 = Release|Any CPU
		{ADFB6402-5EAA-4167-B48E-B1823760AB77}.Debug|Any CPU.ActiveCfg = Debug|Any CPU
		{ADFB6402-5EAA-4167-B48E-B1823760AB77}.Debug|Any CPU.Build.0 = Debug|Any CPU
		{ADFB6402-5EAA-4167-B48E-B1823760AB77}.Release|Any CPU.ActiveCfg = Release|Any CPU
		{ADFB6402-5EAA-4167-B48E-B1823760AB77}.Release|Any CPU.Build.0 = Release|Any CPU
		{024ED61D-2877-4662-ACCE-2130E19BFB98}.Debug|Any CPU.ActiveCfg = Debug|Any CPU
		{024ED61D-2877-4662-ACCE-2130E19BFB98}.Debug|Any CPU.Build.0 = Debug|Any CPU
		{024ED61D-2877-4662-ACCE-2130E19BFB98}.Release|Any CPU.ActiveCfg = Release|Any CPU
		{024ED61D-2877-4662-ACCE-2130E19BFB98}.Release|Any CPU.Build.0 = Release|Any CPU
		{A56D6562-5421-406F-AE25-C27456180676}.Debug|Any CPU.ActiveCfg = Debug|Any CPU
		{A56D6562-5421-406F-AE25-C27456180676}.Debug|Any CPU.Build.0 = Debug|Any CPU
		{A56D6562-5421-406F-AE25-C27456180676}.Release|Any CPU.ActiveCfg = Release|Any CPU
		{A56D6562-5421-406F-AE25-C27456180676}.Release|Any CPU.Build.0 = Release|Any CPU
		{16273459-1F9B-4A49-906F-C8E8052026FC}.Debug|Any CPU.ActiveCfg = Debug|Any CPU
		{16273459-1F9B-4A49-906F-C8E8052026FC}.Debug|Any CPU.Build.0 = Debug|Any CPU
		{16273459-1F9B-4A49-906F-C8E8052026FC}.Release|Any CPU.ActiveCfg = Release|Any CPU
		{16273459-1F9B-4A49-906F-C8E8052026FC}.Release|Any CPU.Build.0 = Release|Any CPU
		{A52889F0-389D-4931-A490-F751A387491C}.Debug|Any CPU.ActiveCfg = Debug|Any CPU
		{A52889F0-389D-4931-A490-F751A387491C}.Debug|Any CPU.Build.0 = Debug|Any CPU
		{A52889F0-389D-4931-A490-F751A387491C}.Release|Any CPU.ActiveCfg = Release|Any CPU
		{A52889F0-389D-4931-A490-F751A387491C}.Release|Any CPU.Build.0 = Release|Any CPU
		{24769647-316D-409F-AA7A-BD653F87B608}.Debug|Any CPU.ActiveCfg = Debug|Any CPU
		{24769647-316D-409F-AA7A-BD653F87B608}.Debug|Any CPU.Build.0 = Debug|Any CPU
		{24769647-316D-409F-AA7A-BD653F87B608}.Release|Any CPU.ActiveCfg = Release|Any CPU
		{24769647-316D-409F-AA7A-BD653F87B608}.Release|Any CPU.Build.0 = Release|Any CPU
		{69A4E5C5-52C1-4A9B-AA0B-5CD9C82AF609}.Debug|Any CPU.ActiveCfg = Debug|Any CPU
		{69A4E5C5-52C1-4A9B-AA0B-5CD9C82AF609}.Debug|Any CPU.Build.0 = Debug|Any CPU
		{69A4E5C5-52C1-4A9B-AA0B-5CD9C82AF609}.Release|Any CPU.ActiveCfg = Release|Any CPU
		{69A4E5C5-52C1-4A9B-AA0B-5CD9C82AF609}.Release|Any CPU.Build.0 = Release|Any CPU
	EndGlobalSection
	GlobalSection(SolutionProperties) = preSolution
		HideSolutionNode = FALSE
	EndGlobalSection
	GlobalSection(NestedProjects) = preSolution
		{C85AFA15-2BF0-4A2A-AB81-2E42C1CB1A8B} = {62F8A86A-49E3-43DB-A93E-48C575C4CCEC}
		{661C1D50-C20F-426C-A632-8A5B2FAA88D4} = {62F8A86A-49E3-43DB-A93E-48C575C4CCEC}
		{2725A7DC-A238-4F76-A58E-A71059BB5A3F} = {62F8A86A-49E3-43DB-A93E-48C575C4CCEC}
		{3A4B2397-99C5-452A-A180-30D129CE4048} = {62F8A86A-49E3-43DB-A93E-48C575C4CCEC}
		{CE162731-373C-40C7-B60B-9A075C2F6E95} = {62F8A86A-49E3-43DB-A93E-48C575C4CCEC}
		{59BA490D-30B6-4027-8A28-AF0B08588A96} = {62F8A86A-49E3-43DB-A93E-48C575C4CCEC}
		{222CF8B6-2C40-496A-9C78-D68CDB2A0159} = {D5E67AFC-F4CB-4E20-A2B2-914DD0AA20DF}
		{ADFB6402-5EAA-4167-B48E-B1823760AB77} = {D5E67AFC-F4CB-4E20-A2B2-914DD0AA20DF}
		{024ED61D-2877-4662-ACCE-2130E19BFB98} = {D5E67AFC-F4CB-4E20-A2B2-914DD0AA20DF}
		{A56D6562-5421-406F-AE25-C27456180676} = {D5E67AFC-F4CB-4E20-A2B2-914DD0AA20DF}
		{16273459-1F9B-4A49-906F-C8E8052026FC} = {D5E67AFC-F4CB-4E20-A2B2-914DD0AA20DF}
		{A52889F0-389D-4931-A490-F751A387491C} = {D5E67AFC-F4CB-4E20-A2B2-914DD0AA20DF}
		{24769647-316D-409F-AA7A-BD653F87B608} = {D5E67AFC-F4CB-4E20-A2B2-914DD0AA20DF}
		{69A4E5C5-52C1-4A9B-AA0B-5CD9C82AF609} = {D5E67AFC-F4CB-4E20-A2B2-914DD0AA20DF}
	EndGlobalSection
	GlobalSection(ExtensibilityGlobals) = postSolution
		SolutionGuid = {FF523D0A-351E-4991-9D47-2BB460298EC8}
	EndGlobalSection
EndGlobal
